
Microsoft Visual Studio Solution File, Format Version 12.00
# Visual Studio 15
VisualStudioVersion = 15.0.27703.2000
MinimumVisualStudioVersion = 10.0.40219.1
Project("{9A19103F-16F7-4668-BE54-9A1E7A4F7556}") = "RecipeBook", "RecipeBook\RecipeBook.csproj", "{FD490D2E-3516-42EF-B7E8-1D1F77F1EF6E}"
EndProject
Project("{9A19103F-16F7-4668-BE54-9A1E7A4F7556}") = "RecipeBookServer", "RecipeBookServer\RecipeBookServer.csproj", "{508B7511-6AE8-40CF-8C6E-7349F09545EB}"
EndProject
Project("{FAE04EC0-301F-11D3-BF4B-00C04F79EFBC}") = "Recipe.Data", "Recipe.Data\Recipe.Data.csproj", "{F8325D6E-A4DB-43AE-88E6-A10C75D85E97}"
EndProject
Project("{FAE04EC0-301F-11D3-BF4B-00C04F79EFBC}") = "RecipeBook.LocalClient", "RecipeBook.LocalClient\RecipeBook.LocalClient.csproj", "{D2C3255B-A208-4BE1-92A5-994112B5436F}"
EndProject
Project("{2150E333-8FDC-42A3-9474-1A3956D46DE8}") = "Server", "Server", "{B25A1180-D3E7-415C-8C9C-1DAEC3ABFB8A}"
EndProject
Project("{2150E333-8FDC-42A3-9474-1A3956D46DE8}") = "Client", "Client", "{036E3B3C-E053-4F7F-8686-84AA52504791}"
EndProject
Global
	GlobalSection(SolutionConfigurationPlatforms) = preSolution
		Debug|Any CPU = Debug|Any CPU
		Release|Any CPU = Release|Any CPU
	EndGlobalSection
	GlobalSection(ProjectConfigurationPlatforms) = postSolution
		{FD490D2E-3516-42EF-B7E8-1D1F77F1EF6E}.Debug|Any CPU.ActiveCfg = Debug|Any CPU
		{FD490D2E-3516-42EF-B7E8-1D1F77F1EF6E}.Debug|Any CPU.Build.0 = Debug|Any CPU
		{FD490D2E-3516-42EF-B7E8-1D1F77F1EF6E}.Release|Any CPU.ActiveCfg = Release|Any CPU
		{FD490D2E-3516-42EF-B7E8-1D1F77F1EF6E}.Release|Any CPU.Build.0 = Release|Any CPU
		{508B7511-6AE8-40CF-8C6E-7349F09545EB}.Debug|Any CPU.ActiveCfg = Debug|Any CPU
		{508B7511-6AE8-40CF-8C6E-7349F09545EB}.Debug|Any CPU.Build.0 = Debug|Any CPU
		{508B7511-6AE8-40CF-8C6E-7349F09545EB}.Release|Any CPU.ActiveCfg = Release|Any CPU
		{508B7511-6AE8-40CF-8C6E-7349F09545EB}.Release|Any CPU.Build.0 = Release|Any CPU
		{F8325D6E-A4DB-43AE-88E6-A10C75D85E97}.Debug|Any CPU.ActiveCfg = Debug|Any CPU
		{F8325D6E-A4DB-43AE-88E6-A10C75D85E97}.Debug|Any CPU.Build.0 = Debug|Any CPU
		{F8325D6E-A4DB-43AE-88E6-A10C75D85E97}.Release|Any CPU.ActiveCfg = Release|Any CPU
		{F8325D6E-A4DB-43AE-88E6-A10C75D85E97}.Release|Any CPU.Build.0 = Release|Any CPU
		{D2C3255B-A208-4BE1-92A5-994112B5436F}.Debug|Any CPU.ActiveCfg = Debug|Any CPU
		{D2C3255B-A208-4BE1-92A5-994112B5436F}.Debug|Any CPU.Build.0 = Debug|Any CPU
		{D2C3255B-A208-4BE1-92A5-994112B5436F}.Release|Any CPU.ActiveCfg = Release|Any CPU
		{D2C3255B-A208-4BE1-92A5-994112B5436F}.Release|Any CPU.Build.0 = Release|Any CPU
	EndGlobalSection
	GlobalSection(SolutionProperties) = preSolution
		HideSolutionNode = FALSE
	EndGlobalSection
	GlobalSection(NestedProjects) = preSolution
		{508B7511-6AE8-40CF-8C6E-7349F09545EB} = {B25A1180-D3E7-415C-8C9C-1DAEC3ABFB8A}
		{D2C3255B-A208-4BE1-92A5-994112B5436F} = {036E3B3C-E053-4F7F-8686-84AA52504791}
	EndGlobalSection
	GlobalSection(ExtensibilityGlobals) = postSolution
		SolutionGuid = {0738E8AB-1E91-4641-A218-0C055307A810}
	EndGlobalSection
EndGlobal
